
Microsoft Visual Studio Solution File, Format Version 12.00
# Visual Studio Version 16
VisualStudioVersion = 16.0.29403.142
MinimumVisualStudioVersion = 10.0.40219.1
Project("{FAE04EC0-301F-11D3-BF4B-00C04F79EFBC}") = "CSESoftware.Core", "CSESoftware.Core\CSESoftware.Core.csproj", "{A0446668-48C9-45F6-9BCB-6C2BE643AEBD}"
EndProject
Global
	GlobalSection(SolutionConfigurationPlatforms) = preSolution
		Debug|Any CPU = Debug|Any CPU
		Release|Any CPU = Release|Any CPU
	EndGlobalSection
	GlobalSection(ProjectConfigurationPlatforms) = postSolution
		{A0446668-48C9-45F6-9BCB-6C2BE643AEBD}.Debug|Any CPU.ActiveCfg = Debug|Any CPU
		{A0446668-48C9-45F6-9BCB-6C2BE643AEBD}.Debug|Any CPU.Build.0 = Debug|Any CPU
		{A0446668-48C9-45F6-9BCB-6C2BE643AEBD}.Release|Any CPU.ActiveCfg = Release|Any CPU
		{A0446668-48C9-45F6-9BCB-6C2BE643AEBD}.Release|Any CPU.Build.0 = Release|Any CPU
	EndGlobalSection
	GlobalSection(SolutionProperties) = preSolution
		HideSolutionNode = FALSE
	EndGlobalSection
	GlobalSection(ExtensibilityGlobals) = postSolution
		SolutionGuid = {D81CF331-750A-44EF-9467-AF3E3B4E9E77}
	EndGlobalSection
EndGlobal
